
Microsoft Visual Studio Solution File, Format Version 12.00
# Visual Studio 14
VisualStudioVersion = 14.0.25420.1
MinimumVisualStudioVersion = 10.0.40219.1
Project("{FAE04EC0-301F-11D3-BF4B-00C04F79EFBC}") = "Boootcamp20", "Boootcamp20\Boootcamp20.csproj", "{A233F852-672D-44C7-8E53-A69B6098E579}"
EndProject
Global
	GlobalSection(SolutionConfigurationPlatforms) = preSolution
		Debug|Any CPU = Debug|Any CPU
		Release|Any CPU = Release|Any CPU
	EndGlobalSection
	GlobalSection(ProjectConfigurationPlatforms) = postSolution
		{A233F852-672D-44C7-8E53-A69B6098E579}.Debug|Any CPU.ActiveCfg = Debug|Any CPU
		{A233F852-672D-44C7-8E53-A69B6098E579}.Debug|Any CPU.Build.0 = Debug|Any CPU
		{A233F852-672D-44C7-8E53-A69B6098E579}.Release|Any CPU.ActiveCfg = Release|Any CPU
		{A233F852-672D-44C7-8E53-A69B6098E579}.Release|Any CPU.Build.0 = Release|Any CPU
	EndGlobalSection
	GlobalSection(SolutionProperties) = preSolution
		HideSolutionNode = FALSE
	EndGlobalSection
EndGlobal
